Microsoft Visual Studio Solution File, Format Version 12.00
# Visual Studio 2012
Project("{FAE04EC0-301F-11D3-BF4B-00C04F79EFBC}") = "Pixel_Walle", "Pixel_Walle.csproj", "{FF76299C-BC46-48F2-AEF8-E5F1CEE1B401}"
EndProject
Global
	GlobalSection(SolutionConfigurationPlatforms) = preSolution
	Debug|Any CPU = Debug|Any CPU
	ExportDebug|Any CPU = ExportDebug|Any CPU
	ExportRelease|Any CPU = ExportRelease|Any CPU
	EndGlobalSection
	GlobalSection(ProjectConfigurationPlatforms) = postSolution
		{FF76299C-BC46-48F2-AEF8-E5F1CEE1B401}.Debug|Any CPU.ActiveCfg = Debug|Any CPU
		{FF76299C-BC46-48F2-AEF8-E5F1CEE1B401}.Debug|Any CPU.Build.0 = Debug|Any CPU
		{FF76299C-BC46-48F2-AEF8-E5F1CEE1B401}.ExportDebug|Any CPU.ActiveCfg = ExportDebug|Any CPU
		{FF76299C-BC46-48F2-AEF8-E5F1CEE1B401}.ExportDebug|Any CPU.Build.0 = ExportDebug|Any CPU
		{FF76299C-BC46-48F2-AEF8-E5F1CEE1B401}.ExportRelease|Any CPU.ActiveCfg = ExportRelease|Any CPU
		{FF76299C-BC46-48F2-AEF8-E5F1CEE1B401}.ExportRelease|Any CPU.Build.0 = ExportRelease|Any CPU
	EndGlobalSection
EndGlobal
